
Microsoft Visual Studio Solution File, Format Version 12.00
# Visual Studio Version 16
VisualStudioVersion = 16.0.31911.196
MinimumVisualStudioVersion = 10.0.40219.1
Project("{FAE04EC0-301F-11D3-BF4B-00C04F79EFBC}") = "WPF19", "WPF19\WPF19.csproj", "{8586B8DC-30E4-43A1-B46E-B30F19E13A0A}"
EndProject
Global
	GlobalSection(SolutionConfigurationPlatforms) = preSolution
		Debug|Any CPU = Debug|Any CPU
		Release|Any CPU = Release|Any CPU
	EndGlobalSection
	GlobalSection(ProjectConfigurationPlatforms) = postSolution
		{8586B8DC-30E4-43A1-B46E-B30F19E13A0A}.Debug|Any CPU.ActiveCfg = Debug|Any CPU
		{8586B8DC-30E4-43A1-B46E-B30F19E13A0A}.Debug|Any CPU.Build.0 = Debug|Any CPU
		{8586B8DC-30E4-43A1-B46E-B30F19E13A0A}.Release|Any CPU.ActiveCfg = Release|Any CPU
		{8586B8DC-30E4-43A1-B46E-B30F19E13A0A}.Release|Any CPU.Build.0 = Release|Any CPU
	EndGlobalSection
	GlobalSection(SolutionProperties) = preSolution
		HideSolutionNode = FALSE
	EndGlobalSection
	GlobalSection(ExtensibilityGlobals) = postSolution
		SolutionGuid = {839E2D30-52B5-405C-8D30-B3664338B667}
	EndGlobalSection
EndGlobal
